
Microsoft Visual Studio Solution File, Format Version 12.00
# Visual Studio 15
VisualStudioVersion = 15.0.27703.2000
MinimumVisualStudioVersion = 10.0.40219.1
Project("{FAE04EC0-301F-11D3-BF4B-00C04F79EFBC}") = "PersonMVVM.Android", "PersonMVVM\PersonMVVM.Android\PersonMVVM.Android.csproj", "{5E332AC3-E0C5-4959-894E-09CB1F3CE76E}"
EndProject
Project("{FAE04EC0-301F-11D3-BF4B-00C04F79EFBC}") = "PersonMVVM.iOS", "PersonMVVM\PersonMVVM.iOS\PersonMVVM.iOS.csproj", "{7862CA78-D1FC-4168-83B9-DE83987E8FED}"
EndProject
Project("{FAE04EC0-301F-11D3-BF4B-00C04F79EFBC}") = "PersonMVVM.UWP", "PersonMVVM\PersonMVVM.UWP\PersonMVVM.UWP.csproj", "{AC9D57EE-E97B-4E0C-B54D-57301DB1A017}"
EndProject
Project("{FAE04EC0-301F-11D3-BF4B-00C04F79EFBC}") = "PersonMVVM", "PersonMVVM\PersonMVVM\PersonMVVM.csproj", "{42644316-270E-42CF-8664-51A969D82C63}"
EndProject
Global
	GlobalSection(SolutionConfigurationPlatforms) = preSolution
		Ad-Hoc|Any CPU = Ad-Hoc|Any CPU
		Ad-Hoc|ARM = Ad-Hoc|ARM
		Ad-Hoc|iPhone = Ad-Hoc|iPhone
		Ad-Hoc|iPhoneSimulator = Ad-Hoc|iPhoneSimulator
		Ad-Hoc|x64 = Ad-Hoc|x64
		Ad-Hoc|x86 = Ad-Hoc|x86
		AppStore|Any CPU = AppStore|Any CPU
		AppStore|ARM = AppStore|ARM
		AppStore|iPhone = AppStore|iPhone
		AppStore|iPhoneSimulator = AppStore|iPhoneSimulator
		AppStore|x64 = AppStore|x64
		AppStore|x86 = AppStore|x86
		Debug|Any CPU = Debug|Any CPU
		Debug|ARM = Debug|ARM
		Debug|iPhone = Debug|iPhone
		Debug|iPhoneSimulator = Debug|iPhoneSimulator
		Debug|x64 = Debug|x64
		Debug|x86 = Debug|x86
		Release|Any CPU = Release|Any CPU
		Release|ARM = Release|ARM
		Release|iPhone = Release|iPhone
		Release|iPhoneSimulator = Release|iPhoneSimulator
		Release|x64 = Release|x64
		Release|x86 = Release|x86
	EndGlobalSection
	GlobalSection(ProjectConfigurationPlatforms) = postSolution
		{5E332AC3-E0C5-4959-894E-09CB1F3CE76E}.Ad-Hoc|Any CPU.ActiveCfg = Release|Any CPU
		{5E332AC3-E0C5-4959-894E-09CB1F3CE76E}.Ad-Hoc|Any CPU.Build.0 = Release|Any CPU
		{5E332AC3-E0C5-4959-894E-09CB1F3CE76E}.Ad-Hoc|Any CPU.Deploy.0 = Release|Any CPU
		{5E332AC3-E0C5-4959-894E-09CB1F3CE76E}.Ad-Hoc|ARM.ActiveCfg = Release|Any CPU
		{5E332AC3-E0C5-4959-894E-09CB1F3CE76E}.Ad-Hoc|ARM.Build.0 = Release|Any CPU
		{5E332AC3-E0C5-4959-894E-09CB1F3CE76E}.Ad-Hoc|ARM.Deploy.0 = Release|Any CPU
		{5E332AC3-E0C5-4959-894E-09CB1F3CE76E}.Ad-Hoc|iPhone.ActiveCfg = Release|Any CPU
		{5E332AC3-E0C5-4959-894E-09CB1F3CE76E}.Ad-Hoc|iPhone.Build.0 = Release|Any CPU
		{5E332AC3-E0C5-4959-894E-09CB1F3CE76E}.Ad-Hoc|iPhone.Deploy.0 = Release|Any CPU
		{5E332AC3-E0C5-4959-894E-09CB1F3CE76E}.Ad-Hoc|iPhoneSimulator.ActiveCfg = Release|Any CPU
		{5E332AC3-E0C5-4959-894E-09CB1F3CE76E}.Ad-Hoc|iPhoneSimulator.Build.0 = Release|Any CPU
		{5E332AC3-E0C5-4959-894E-09CB1F3CE76E}.Ad-Hoc|iPhoneSimulator.Deploy.0 = Release|Any CPU
		{5E332AC3-E0C5-4959-894E-09CB1F3CE76E}.Ad-Hoc|x64.ActiveCfg = Release|Any CPU
		{5E332AC3-E0C5-4959-894E-09CB1F3CE76E}.Ad-Hoc|x64.Build.0 = Release|Any CPU
		{5E332AC3-E0C5-4959-894E-09CB1F3CE76E}.Ad-Hoc|x64.Deploy.0 = Release|Any CPU
		{5E332AC3-E0C5-4959-894E-09CB1F3CE76E}.Ad-Hoc|x86.ActiveCfg = Release|Any CPU
		{5E332AC3-E0C5-4959-894E-09CB1F3CE76E}.Ad-Hoc|x86.Build.0 = Release|Any CPU
		{5E332AC3-E0C5-4959-894E-09CB1F3CE76E}.Ad-Hoc|x86.Deploy.0 = Release|Any CPU
		{5E332AC3-E0C5-4959-894E-09CB1F3CE76E}.AppStore|Any CPU.ActiveCfg = Release|Any CPU
		{5E332AC3-E0C5-4959-894E-09CB1F3CE76E}.AppStore|Any CPU.Build.0 = Release|Any CPU
		{5E332AC3-E0C5-4959-894E-09CB1F3CE76E}.AppStore|Any CPU.Deploy.0 = Release|Any CPU
		{5E332AC3-E0C5-4959-894E-09CB1F3CE76E}.AppStore|ARM.ActiveCfg = Release|Any CPU
		{5E332AC3-E0C5-4959-894E-09CB1F3CE76E}.AppStore|ARM.Build.0 = Release|Any CPU
		{5E332AC3-E0C5-4959-894E-09CB1F3CE76E}.AppStore|ARM.Deploy.0 = Release|Any CPU
		{5E332AC3-E0C5-4959-894E-09CB1F3CE76E}.AppStore|iPhone.ActiveCfg = Release|Any CPU
		{5E332AC3-E0C5-4959-894E-09CB1F3CE76E}.AppStore|iPhone.Build.0 = Release|Any CPU
		{5E332AC3-E0C5-4959-894E-09CB1F3CE76E}.AppStore|iPhone.Deploy.0 = Release|Any CPU
		{5E332AC3-E0C5-4959-894E-09CB1F3CE76E}.AppStore|iPhoneSimulator.ActiveCfg = Release|Any CPU
		{5E332AC3-E0C5-4959-894E-09CB1F3CE76E}.AppStore|iPhoneSimulator.Build.0 = Release|Any CPU
		{5E332AC3-E0C5-4959-894E-09CB1F3CE76E}.AppStore|iPhoneSimulator.Deploy.0 = Release|Any CPU
		{5E332AC3-E0C5-4959-894E-09CB1F3CE76E}.AppStore|x64.ActiveCfg = Release|Any CPU
		{5E332AC3-E0C5-4959-894E-09CB1F3CE76E}.AppStore|x64.Build.0 = Release|Any CPU
		{5E332AC3-E0C5-4959-894E-09CB1F3CE76E}.AppStore|x64.Deploy.0 = Release|Any CPU
		{5E332AC3-E0C5-4959-894E-09CB1F3CE76E}.AppStore|x86.ActiveCfg = Release|Any CPU
		{5E332AC3-E0C5-4959-894E-09CB1F3CE76E}.AppStore|x86.Build.0 = Release|Any CPU
		{5E332AC3-E0C5-4959-894E-09CB1F3CE76E}.AppStore|x86.Deploy.0 = Release|Any CPU
		{5E332AC3-E0C5-4959-894E-09CB1F3CE76E}.Debug|Any CPU.ActiveCfg = Debug|Any CPU
		{5E332AC3-E0C5-4959-894E-09CB1F3CE76E}.Debug|Any CPU.Build.0 = Debug|Any CPU
		{5E332AC3-E0C5-4959-894E-09CB1F3CE76E}.Debug|Any CPU.Deploy.0 = Debug|Any CPU
		{5E332AC3-E0C5-4959-894E-09CB1F3CE76E}.Debug|ARM.ActiveCfg = Debug|Any CPU
		{5E332AC3-E0C5-4959-894E-09CB1F3CE76E}.Debug|ARM.Build.0 = Debug|Any CPU
		{5E332AC3-E0C5-4959-894E-09CB1F3CE76E}.Debug|ARM.Deploy.0 = Debug|Any CPU
		{5E332AC3-E0C5-4959-894E-09CB1F3CE76E}.Debug|iPhone.ActiveCfg = Debug|Any CPU
		{5E332AC3-E0C5-4959-894E-09CB1F3CE76E}.Debug|iPhone.Build.0 = Debug|Any CPU
		{5E332AC3-E0C5-4959-894E-09CB1F3CE76E}.Debug|iPhone.Deploy.0 = Debug|Any CPU
		{5E332AC3-E0C5-4959-894E-09CB1F3CE76E}.Debug|iPhoneSimulator.ActiveCfg = Debug|Any CPU
		{5E332AC3-E0C5-4959-894E-09CB1F3CE76E}.Debug|iPhoneSimulator.Build.0 = Debug|Any CPU
		{5E332AC3-E0C5-4959-894E-09CB1F3CE76E}.Debug|iPhoneSimulator.Deploy.0 = Debug|Any CPU
		{5E332AC3-E0C5-4959-894E-09CB1F3CE76E}.Debug|x64.ActiveCfg = Debug|Any CPU
		{5E332AC3-E0C5-4959-894E-09CB1F3CE76E}.Debug|x64.Build.0 = Debug|Any CPU
		{5E332AC3-E0C5-4959-894E-09CB1F3CE76E}.Debug|x64.Deploy.0 = Debug|Any CPU
		{5E332AC3-E0C5-4959-894E-09CB1F3CE76E}.Debug|x86.ActiveCfg = Debug|Any CPU
		{5E332AC3-E0C5-4959-894E-09CB1F3CE76E}.Debug|x86.Build.0 = Debug|Any CPU
		{5E332AC3-E0C5-4959-894E-09CB1F3CE76E}.Debug|x86.Deploy.0 = Debug|Any CPU
		{5E332AC3-E0C5-4959-894E-09CB1F3CE76E}.Release|Any CPU.ActiveCfg = Release|Any CPU
		{5E332AC3-E0C5-4959-894E-09CB1F3CE76E}.Release|Any CPU.Build.0 = Release|Any CPU
		{5E332AC3-E0C5-4959-894E-09CB1F3CE76E}.Release|Any CPU.Deploy.0 = Release|Any CPU
		{5E332AC3-E0C5-4959-894E-09CB1F3CE76E}.Release|ARM.ActiveCfg = Release|Any CPU
		{5E332AC3-E0C5-4959-894E-09CB1F3CE76E}.Release|ARM.Build.0 = Release|Any CPU
		{5E332AC3-E0C5-4959-894E-09CB1F3CE76E}.Release|ARM.Deploy.0 = Release|Any CPU
		{5E332AC3-E0C5-4959-894E-09CB1F3CE76E}.Release|iPhone.ActiveCfg = Release|Any CPU
		{5E332AC3-E0C5-4959-894E-09CB1F3CE76E}.Release|iPhone.Build.0 = Release|Any CPU
		{5E332AC3-E0C5-4959-894E-09CB1F3CE76E}.Release|iPhone.Deploy.0 = Release|Any CPU
		{5E332AC3-E0C5-4959-894E-09CB1F3CE76E}.Release|iPhoneSimulator.ActiveCfg = Release|Any CPU
		{5E332AC3-E0C5-4959-894E-09CB1F3CE76E}.Release|iPhoneSimulator.Build.0 = Release|Any CPU
		{5E332AC3-E0C5-4959-894E-09CB1F3CE76E}.Release|iPhoneSimulator.Deploy.0 = Release|Any CPU
		{5E332AC3-E0C5-4959-894E-09CB1F3CE76E}.Release|x64.ActiveCfg = Release|Any CPU
		{5E332AC3-E0C5-4959-894E-09CB1F3CE76E}.Release|x64.Build.0 = Release|Any CPU
		{5E332AC3-E0C5-4959-894E-09CB1F3CE76E}.Release|x64.Deploy.0 = Release|Any CPU
		{5E332AC3-E0C5-4959-894E-09CB1F3CE76E}.Release|x86.ActiveCfg = Release|Any CPU
		{5E332AC3-E0C5-4959-894E-09CB1F3CE76E}.Release|x86.Build.0 = Release|Any CPU
		{5E332AC3-E0C5-4959-894E-09CB1F3CE76E}.Release|x86.Deploy.0 = Release|Any CPU
		{7862CA78-D1FC-4168-83B9-DE83987E8FED}.Ad-Hoc|Any CPU.ActiveCfg = Ad-Hoc|iPhone
		{7862CA78-D1FC-4168-83B9-DE83987E8FED}.Ad-Hoc|Any CPU.Build.0 = Ad-Hoc|iPhone
		{7862CA78-D1FC-4168-83B9-DE83987E8FED}.Ad-Hoc|Any CPU.Deploy.0 = Ad-Hoc|iPhone
		{7862CA78-D1FC-4168-83B9-DE83987E8FED}.Ad-Hoc|ARM.ActiveCfg = Ad-Hoc|iPhone
		{7862CA78-D1FC-4168-83B9-DE83987E8FED}.Ad-Hoc|ARM.Build.0 = Ad-Hoc|iPhone
		{7862CA78-D1FC-4168-83B9-DE83987E8FED}.Ad-Hoc|ARM.Deploy.0 = Ad-Hoc|iPhone
		{7862CA78-D1FC-4168-83B9-DE83987E8FED}.Ad-Hoc|iPhone.ActiveCfg = Ad-Hoc|iPhone
		{7862CA78-D1FC-4168-83B9-DE83987E8FED}.Ad-Hoc|iPhone.Build.0 = Ad-Hoc|iPhone
		{7862CA78-D1FC-4168-83B9-DE83987E8FED}.Ad-Hoc|iPhone.Deploy.0 = Ad-Hoc|iPhone
		{7862CA78-D1FC-4168-83B9-DE83987E8FED}.Ad-Hoc|iPhoneSimulator.ActiveCfg = Ad-Hoc|iPhoneSimulator
		{7862CA78-D1FC-4168-83B9-DE83987E8FED}.Ad-Hoc|iPhoneSimulator.Build.0 = Ad-Hoc|iPhoneSimulator
		{7862CA78-D1FC-4168-83B9-DE83987E8FED}.Ad-Hoc|iPhoneSimulator.Deploy.0 = Ad-Hoc|iPhoneSimulator
		{7862CA78-D1FC-4168-83B9-DE83987E8FED}.Ad-Hoc|x64.ActiveCfg = Ad-Hoc|iPhone
		{7862CA78-D1FC-4168-83B9-DE83987E8FED}.Ad-Hoc|x64.Build.0 = Ad-Hoc|iPhone
		{7862CA78-D1FC-4168-83B9-DE83987E8FED}.Ad-Hoc|x64.Deploy.0 = Ad-Hoc|iPhone
		{7862CA78-D1FC-4168-83B9-DE83987E8FED}.Ad-Hoc|x86.ActiveCfg = Ad-Hoc|iPhone
		{7862CA78-D1FC-4168-83B9-DE83987E8FED}.Ad-Hoc|x86.Build.0 = Ad-Hoc|iPhone
		{7862CA78-D1FC-4168-83B9-DE83987E8FED}.Ad-Hoc|x86.Deploy.0 = Ad-Hoc|iPhone
		{7862CA78-D1FC-4168-83B9-DE83987E8FED}.AppStore|Any CPU.ActiveCfg = AppStore|iPhone
		{7862CA78-D1FC-4168-83B9-DE83987E8FED}.AppStore|Any CPU.Build.0 = AppStore|iPhone
		{7862CA78-D1FC-4168-83B9-DE83987E8FED}.AppStore|Any CPU.Deploy.0 = AppStore|iPhone
		{7862CA78-D1FC-4168-83B9-DE83987E8FED}.AppStore|ARM.ActiveCfg = AppStore|iPhone
		{7862CA78-D1FC-4168-83B9-DE83987E8FED}.AppStore|ARM.Build.0 = AppStore|iPhone
		{7862CA78-D1FC-4168-83B9-DE83987E8FED}.AppStore|ARM.Deploy.0 = AppStore|iPhone
		{7862CA78-D1FC-4168-83B9-DE83987E8FED}.AppStore|iPhone.ActiveCfg = AppStore|iPhone
		{7862CA78-D1FC-4168-83B9-DE83987E8FED}.AppStore|iPhone.Build.0 = AppStore|iPhone
		{7862CA78-D1FC-4168-83B9-DE83987E8FED}.AppStore|iPhone.Deploy.0 = AppStore|iPhone
		{7862CA78-D1FC-4168-83B9-DE83987E8FED}.AppStore|iPhoneSimulator.ActiveCfg = AppStore|iPhoneSimulator
		{7862CA78-D1FC-4168-83B9-DE83987E8FED}.AppStore|iPhoneSimulator.Build.0 = AppStore|iPhoneSimulator
		{7862CA78-D1FC-4168-83B9-DE83987E8FED}.AppStore|iPhoneSimulator.Deploy.0 = AppStore|iPhoneSimulator
		{7862CA78-D1FC-4168-83B9-DE83987E8FED}.AppStore|x64.ActiveCfg = AppStore|iPhone
		{7862CA78-D1FC-4168-83B9-DE83987E8FED}.AppStore|x64.Build.0 = AppStore|iPhone
		{7862CA78-D1FC-4168-83B9-DE83987E8FED}.AppStore|x64.Deploy.0 = AppStore|iPhone
		{7862CA78-D1FC-4168-83B9-DE83987E8FED}.AppStore|x86.ActiveCfg = AppStore|iPhone
		{7862CA78-D1FC-4168-83B9-DE83987E8FED}.AppStore|x86.Build.0 = AppStore|iPhone
		{7862CA78-D1FC-4168-83B9-DE83987E8FED}.AppStore|x86.Deploy.0 = AppStore|iPhone
		{7862CA78-D1FC-4168-83B9-DE83987E8FED}.Debug|Any CPU.ActiveCfg = Debug|iPhoneSimulator
		{7862CA78-D1FC-4168-83B9-DE83987E8FED}.Debug|Any CPU.Build.0 = Debug|iPhoneSimulator
		{7862CA78-D1FC-4168-83B9-DE83987E8FED}.Debug|Any CPU.Deploy.0 = Debug|iPhoneSimulator
		{7862CA78-D1FC-4168-83B9-DE83987E8FED}.Debug|ARM.ActiveCfg = Debug|iPhone
		{7862CA78-D1FC-4168-83B9-DE83987E8FED}.Debug|ARM.Build.0 = Debug|iPhone
		{7862CA78-D1FC-4168-83B9-DE83987E8FED}.Debug|ARM.Deploy.0 = Debug|iPhone
		{7862CA78-D1FC-4168-83B9-DE83987E8FED}.Debug|iPhone.ActiveCfg = Debug|iPhone
		{7862CA78-D1FC-4168-83B9-DE83987E8FED}.Debug|iPhone.Build.0 = Debug|iPhone
		{7862CA78-D1FC-4168-83B9-DE83987E8FED}.Debug|iPhone.Deploy.0 = Debug|iPhone
		{7862CA78-D1FC-4168-83B9-DE83987E8FED}.Debug|iPhoneSimulator.ActiveCfg = Debug|iPhoneSimulator
		{7862CA78-D1FC-4168-83B9-DE83987E8FED}.Debug|iPhoneSimulator.Build.0 = Debug|iPhoneSimulator
		{7862CA78-D1FC-4168-83B9-DE83987E8FED}.Debug|iPhoneSimulator.Deploy.0 = Debug|iPhoneSimulator
		{7862CA78-D1FC-4168-83B9-DE83987E8FED}.Debug|x64.ActiveCfg = Debug|iPhone
		{7862CA78-D1FC-4168-83B9-DE83987E8FED}.Debug|x64.Build.0 = Debug|iPhone
		{7862CA78-D1FC-4168-83B9-DE83987E8FED}.Debug|x64.Deploy.0 = Debug|iPhone
		{7862CA78-D1FC-4168-83B9-DE83987E8FED}.Debug|x86.ActiveCfg = Debug|iPhone
		{7862CA78-D1FC-4168-83B9-DE83987E8FED}.Debug|x86.Build.0 = Debug|iPhone
		{7862CA78-D1FC-4168-83B9-DE83987E8FED}.Debug|x86.Deploy.0 = Debug|iPhone
		{7862CA78-D1FC-4168-83B9-DE83987E8FED}.Release|Any CPU.ActiveCfg = Release|iPhone
		{7862CA78-D1FC-4168-83B9-DE83987E8FED}.Release|Any CPU.Build.0 = Release|iPhone
		{7862CA78-D1FC-4168-83B9-DE83987E8FED}.Release|Any CPU.Deploy.0 = Release|iPhone
		{7862CA78-D1FC-4168-83B9-DE83987E8FED}.Release|ARM.ActiveCfg = Release|iPhone
		{7862CA78-D1FC-4168-83B9-DE83987E8FED}.Release|ARM.Build.0 = Release|iPhone
		{7862CA78-D1FC-4168-83B9-DE83987E8FED}.Release|ARM.Deploy.0 = Release|iPhone
		{7862CA78-D1FC-4168-83B9-DE83987E8FED}.Release|iPhone.ActiveCfg = Release|iPhone
		{7862CA78-D1FC-4168-83B9-DE83987E8FED}.Release|iPhone.Build.0 = Release|iPhone
		{7862CA78-D1FC-4168-83B9-DE83987E8FED}.Release|iPhone.Deploy.0 = Release|iPhone
		{7862CA78-D1FC-4168-83B9-DE83987E8FED}.Release|iPhoneSimulator.ActiveCfg = Release|iPhoneSimulator
		{7862CA78-D1FC-4168-83B9-DE83987E8FED}.Release|iPhoneSimulator.Build.0 = Release|iPhoneSimulator
		{7862CA78-D1FC-4168-83B9-DE83987E8FED}.Release|iPhoneSimulator.Deploy.0 = Release|iPhoneSimulator
		{7862CA78-D1FC-4168-83B9-DE83987E8FED}.Release|x64.ActiveCfg = Release|iPhone
		{7862CA78-D1FC-4168-83B9-DE83987E8FED}.Release|x64.Build.0 = Release|iPhone
		{7862CA78-D1FC-4168-83B9-DE83987E8FED}.Release|x64.Deploy.0 = Release|iPhone
		{7862CA78-D1FC-4168-83B9-DE83987E8FED}.Release|x86.ActiveCfg = Release|iPhone
		{7862CA78-D1FC-4168-83B9-DE83987E8FED}.Release|x86.Build.0 = Release|iPhone
		{7862CA78-D1FC-4168-83B9-DE83987E8FED}.Release|x86.Deploy.0 = Release|iPhone
		{AC9D57EE-E97B-4E0C-B54D-57301DB1A017}.Ad-Hoc|Any CPU.ActiveCfg = Release|x86
		{AC9D57EE-E97B-4E0C-B54D-57301DB1A017}.Ad-Hoc|Any CPU.Build.0 = Release|x86
		{AC9D57EE-E97B-4E0C-B54D-57301DB1A017}.Ad-Hoc|Any CPU.Deploy.0 = Release|x86
		{AC9D57EE-E97B-4E0C-B54D-57301DB1A017}.Ad-Hoc|ARM.ActiveCfg = Release|ARM
		{AC9D57EE-E97B-4E0C-B54D-57301DB1A017}.Ad-Hoc|ARM.Build.0 = Release|ARM
		{AC9D57EE-E97B-4E0C-B54D-57301DB1A017}.Ad-Hoc|ARM.Deploy.0 = Release|ARM
		{AC9D57EE-E97B-4E0C-B54D-57301DB1A017}.Ad-Hoc|iPhone.ActiveCfg = Release|x86
		{AC9D57EE-E97B-4E0C-B54D-57301DB1A017}.Ad-Hoc|iPhone.Build.0 = Release|x86
		{AC9D57EE-E97B-4E0C-B54D-57301DB1A017}.Ad-Hoc|iPhone.Deploy.0 = Release|x86
		{AC9D57EE-E97B-4E0C-B54D-57301DB1A017}.Ad-Hoc|iPhoneSimulator.ActiveCfg = Release|x86
		{AC9D57EE-E97B-4E0C-B54D-57301DB1A017}.Ad-Hoc|iPhoneSimulator.Build.0 = Release|x86
		{AC9D57EE-E97B-4E0C-B54D-57301DB1A017}.Ad-Hoc|iPhoneSimulator.Deploy.0 = Release|x86
		{AC9D57EE-E97B-4E0C-B54D-57301DB1A017}.Ad-Hoc|x64.ActiveCfg = Release|x64
		{AC9D57EE-E97B-4E0C-B54D-57301DB1A017}.Ad-Hoc|x64.Build.0 = Release|x64
		{AC9D57EE-E97B-4E0C-B54D-57301DB1A017}.Ad-Hoc|x64.Deploy.0 = Release|x64
		{AC9D57EE-E97B-4E0C-B54D-57301DB1A017}.Ad-Hoc|x86.ActiveCfg = Release|x86
		{AC9D57EE-E97B-4E0C-B54D-57301DB1A017}.Ad-Hoc|x86.Build.0 = Release|x86
		{AC9D57EE-E97B-4E0C-B54D-57301DB1A017}.Ad-Hoc|x86.Deploy.0 = Release|x86
		{AC9D57EE-E97B-4E0C-B54D-57301DB1A017}.AppStore|Any CPU.ActiveCfg = Release|x86
		{AC9D57EE-E97B-4E0C-B54D-57301DB1A017}.AppStore|Any CPU.Build.0 = Release|x86
		{AC9D57EE-E97B-4E0C-B54D-57301DB1A017}.AppStore|Any CPU.Deploy.0 = Release|x86
		{AC9D57EE-E97B-4E0C-B54D-57301DB1A017}.AppStore|ARM.ActiveCfg = Release|ARM
		{AC9D57EE-E97B-4E0C-B54D-57301DB1A017}.AppStore|ARM.Build.0 = Release|ARM
		{AC9D57EE-E97B-4E0C-B54D-57301DB1A017}.AppStore|ARM.Deploy.0 = Release|ARM
		{AC9D57EE-E97B-4E0C-B54D-57301DB1A017}.AppStore|iPhone.ActiveCfg = Release|x86
		{AC9D57EE-E97B-4E0C-B54D-57301DB1A017}.AppStore|iPhone.Build.0 = Release|x86
		{AC9D57EE-E97B-4E0C-B54D-57301DB1A017}.AppStore|iPhone.Deploy.0 = Release|x86
		{AC9D57EE-E97B-4E0C-B54D-57301DB1A017}.AppStore|iPhoneSimulator.ActiveCfg = Release|x86
		{AC9D57EE-E97B-4E0C-B54D-57301DB1A017}.AppStore|iPhoneSimulator.Build.0 = Release|x86
		{AC9D57EE-E97B-4E0C-B54D-57301DB1A017}.AppStore|iPhoneSimulator.Deploy.0 = Release|x86
		{AC9D57EE-E97B-4E0C-B54D-57301DB1A017}.AppStore|x64.ActiveCfg = Release|x64
		{AC9D57EE-E97B-4E0C-B54D-57301DB1A017}.AppStore|x64.Build.0 = Release|x64
		{AC9D57EE-E97B-4E0C-B54D-57301DB1A017}.AppStore|x64.Deploy.0 = Release|x64
		{AC9D57EE-E97B-4E0C-B54D-57301DB1A017}.AppStore|x86.ActiveCfg = Release|x86
		{AC9D57EE-E97B-4E0C-B54D-57301DB1A017}.AppStore|x86.Build.0 = Release|x86
		{AC9D57EE-E97B-4E0C-B54D-57301DB1A017}.AppStore|x86.Deploy.0 = Release|x86
		{AC9D57EE-E97B-4E0C-B54D-57301DB1A017}.Debug|Any CPU.ActiveCfg = Debug|x86
		{AC9D57EE-E97B-4E0C-B54D-57301DB1A017}.Debug|Any CPU.Build.0 = Debug|x86
		{AC9D57EE-E97B-4E0C-B54D-57301DB1A017}.Debug|Any CPU.Deploy.0 = Debug|x86
		{AC9D57EE-E97B-4E0C-B54D-57301DB1A017}.Debug|ARM.ActiveCfg = Debug|ARM
		{AC9D57EE-E97B-4E0C-B54D-57301DB1A017}.Debug|ARM.Build.0 = Debug|ARM
		{AC9D57EE-E97B-4E0C-B54D-57301DB1A017}.Debug|ARM.Deploy.0 = Debug|ARM
		{AC9D57EE-E97B-4E0C-B54D-57301DB1A017}.Debug|iPhone.ActiveCfg = Debug|x86
		{AC9D57EE-E97B-4E0C-B54D-57301DB1A017}.Debug|iPhone.Build.0 = Debug|x86
		{AC9D57EE-E97B-4E0C-B54D-57301DB1A017}.Debug|iPhone.Deploy.0 = Debug|x86
		{AC9D57EE-E97B-4E0C-B54D-57301DB1A017}.Debug|iPhoneSimulator.ActiveCfg = Debug|x86
		{AC9D57EE-E97B-4E0C-B54D-57301DB1A017}.Debug|iPhoneSimulator.Build.0 = Debug|x86
		{AC9D57EE-E97B-4E0C-B54D-57301DB1A017}.Debug|iPhoneSimulator.Deploy.0 = Debug|x86
		{AC9D57EE-E97B-4E0C-B54D-57301DB1A017}.Debug|x64.ActiveCfg = Debug|x64
		{AC9D57EE-E97B-4E0C-B54D-57301DB1A017}.Debug|x64.Build.0 = Debug|x64
		{AC9D57EE-E97B-4E0C-B54D-57301DB1A017}.Debug|x64.Deploy.0 = Debug|x64
		{AC9D57EE-E97B-4E0C-B54D-57301DB1A017}.Debug|x86.ActiveCfg = Debug|x86
		{AC9D57EE-E97B-4E0C-B54D-57301DB1A017}.Debug|x86.Build.0 = Debug|x86
		{AC9D57EE-E97B-4E0C-B54D-57301DB1A017}.Debug|x86.Deploy.0 = Debug|x86
		{AC9D57EE-E97B-4E0C-B54D-57301DB1A017}.Release|Any CPU.ActiveCfg = Release|x86
		{AC9D57EE-E97B-4E0C-B54D-57301DB1A017}.Release|Any CPU.Build.0 = Release|x86
		{AC9D57EE-E97B-4E0C-B54D-57301DB1A017}.Release|Any CPU.Deploy.0 = Release|x86
		{AC9D57EE-E97B-4E0C-B54D-57301DB1A017}.Release|ARM.ActiveCfg = Release|ARM
		{AC9D57EE-E97B-4E0C-B54D-57301DB1A017}.Release|ARM.Build.0 = Release|ARM
		{AC9D57EE-E97B-4E0C-B54D-57301DB1A017}.Release|ARM.Deploy.0 = Release|ARM
		{AC9D57EE-E97B-4E0C-B54D-57301DB1A017}.Release|iPhone.ActiveCfg = Release|x86
		{AC9D57EE-E97B-4E0C-B54D-57301DB1A017}.Release|iPhone.Build.0 = Release|x86
		{AC9D57EE-E97B-4E0C-B54D-57301DB1A017}.Release|iPhone.Deploy.0 = Release|x86
		{AC9D57EE-E97B-4E0C-B54D-57301DB1A017}.Release|iPhoneSimulator.ActiveCfg = Release|x86
		{AC9D57EE-E97B-4E0C-B54D-57301DB1A017}.Release|iPhoneSimulator.Build.0 = Release|x86
		{AC9D57EE-E97B-4E0C-B54D-57301DB1A017}.Release|iPhoneSimulator.Deploy.0 = Release|x86
		{AC9D57EE-E97B-4E0C-B54D-57301DB1A017}.Release|x64.ActiveCfg = Release|x64
		{AC9D57EE-E97B-4E0C-B54D-57301DB1A017}.Release|x64.Build.0 = Release|x64
		{AC9D57EE-E97B-4E0C-B54D-57301DB1A017}.Release|x64.Deploy.0 = Release|x64
		{AC9D57EE-E97B-4E0C-B54D-57301DB1A017}.Release|x86.ActiveCfg = Release|x86
		{AC9D57EE-E97B-4E0C-B54D-57301DB1A017}.Release|x86.Build.0 = Release|x86
		{AC9D57EE-E97B-4E0C-B54D-57301DB1A017}.Release|x86.Deploy.0 = Release|x86
		{42644316-270E-42CF-8664-51A969D82C63}.Ad-Hoc|Any CPU.ActiveCfg = Debug|Any CPU
		{42644316-270E-42CF-8664-51A969D82C63}.Ad-Hoc|Any CPU.Build.0 = Debug|Any CPU
		{42644316-270E-42CF-8664-51A969D82C63}.Ad-Hoc|Any CPU.Deploy.0 = Debug|Any CPU
		{42644316-270E-42CF-8664-51A969D82C63}.Ad-Hoc|ARM.ActiveCfg = Debug|Any CPU
		{42644316-270E-42CF-8664-51A969D82C63}.Ad-Hoc|ARM.Build.0 = Debug|Any CPU
		{42644316-270E-42CF-8664-51A969D82C63}.Ad-Hoc|ARM.Deploy.0 = Debug|Any CPU
		{42644316-270E-42CF-8664-51A969D82C63}.Ad-Hoc|iPhone.ActiveCfg = Debug|Any CPU
		{42644316-270E-42CF-8664-51A969D82C63}.Ad-Hoc|iPhone.Build.0 = Debug|Any CPU
		{42644316-270E-42CF-8664-51A969D82C63}.Ad-Hoc|iPhone.Deploy.0 = Debug|Any CPU
		{42644316-270E-42CF-8664-51A969D82C63}.Ad-Hoc|iPhoneSimulator.ActiveCfg = Debug|Any CPU
		{42644316-270E-42CF-8664-51A969D82C63}.Ad-Hoc|iPhoneSimulator.Build.0 = Debug|Any CPU
		{42644316-270E-42CF-8664-51A969D82C63}.Ad-Hoc|iPhoneSimulator.Deploy.0 = Debug|Any CPU
		{42644316-270E-42CF-8664-51A969D82C63}.Ad-Hoc|x64.ActiveCfg = Debug|Any CPU
		{42644316-270E-42CF-8664-51A969D82C63}.Ad-Hoc|x64.Build.0 = Debug|Any CPU
		{42644316-270E-42CF-8664-51A969D82C63}.Ad-Hoc|x64.Deploy.0 = Debug|Any CPU
		{42644316-270E-42CF-8664-51A969D82C63}.Ad-Hoc|x86.ActiveCfg = Debug|Any CPU
		{42644316-270E-42CF-8664-51A969D82C63}.Ad-Hoc|x86.Build.0 = Debug|Any CPU
		{42644316-270E-42CF-8664-51A969D82C63}.Ad-Hoc|x86.Deploy.0 = Debug|Any CPU
		{42644316-270E-42CF-8664-51A969D82C63}.AppStore|Any CPU.ActiveCfg = Debug|Any CPU
		{42644316-270E-42CF-8664-51A969D82C63}.AppStore|Any CPU.Build.0 = Debug|Any CPU
		{42644316-270E-42CF-8664-51A969D82C63}.AppStore|Any CPU.Deploy.0 = Debug|Any CPU
		{42644316-270E-42CF-8664-51A969D82C63}.AppStore|ARM.ActiveCfg = Debug|Any CPU
		{42644316-270E-42CF-8664-51A969D82C63}.AppStore|ARM.Build.0 = Debug|Any CPU
		{42644316-270E-42CF-8664-51A969D82C63}.AppStore|ARM.Deploy.0 = Debug|Any CPU
		{42644316-270E-42CF-8664-51A969D82C63}.AppStore|iPhone.ActiveCfg = Debug|Any CPU
		{42644316-270E-42CF-8664-51A969D82C63}.AppStore|iPhone.Build.0 = Debug|Any CPU
		{42644316-270E-42CF-8664-51A969D82C63}.AppStore|iPhone.Deploy.0 = Debug|Any CPU
		{42644316-270E-42CF-8664-51A969D82C63}.AppStore|iPhoneSimulator.ActiveCfg = Debug|Any CPU
		{42644316-270E-42CF-8664-51A969D82C63}.AppStore|iPhoneSimulator.Build.0 = Debug|Any CPU
		{42644316-270E-42CF-8664-51A969D82C63}.AppStore|iPhoneSimulator.Deploy.0 = Debug|Any CPU
		{42644316-270E-42CF-8664-51A969D82C63}.AppStore|x64.ActiveCfg = Debug|Any CPU
		{42644316-270E-42CF-8664-51A969D82C63}.AppStore|x64.Build.0 = Debug|Any CPU
		{42644316-270E-42CF-8664-51A969D82C63}.AppStore|x64.Deploy.0 = Debug|Any CPU
		{42644316-270E-42CF-8664-51A969D82C63}.AppStore|x86.ActiveCfg = Debug|Any CPU
		{42644316-270E-42CF-8664-51A969D82C63}.AppStore|x86.Build.0 = Debug|Any CPU
		{42644316-270E-42CF-8664-51A969D82C63}.AppStore|x86.Deploy.0 = Debug|Any CPU
		{42644316-270E-42CF-8664-51A969D82C63}.Debug|Any CPU.ActiveCfg = Debug|Any CPU
		{42644316-270E-42CF-8664-51A969D82C63}.Debug|Any CPU.Build.0 = Debug|Any CPU
		{42644316-270E-42CF-8664-51A969D82C63}.Debug|Any CPU.Deploy.0 = Debug|Any CPU
		{42644316-270E-42CF-8664-51A969D82C63}.Debug|ARM.ActiveCfg = Debug|Any CPU
		{42644316-270E-42CF-8664-51A969D82C63}.Debug|ARM.Build.0 = Debug|Any CPU
		{42644316-270E-42CF-8664-51A969D82C63}.Debug|ARM.Deploy.0 = Debug|Any CPU
		{42644316-270E-42CF-8664-51A969D82C63}.Debug|iPhone.ActiveCfg = Debug|Any CPU
		{42644316-270E-42CF-8664-51A969D82C63}.Debug|iPhone.Build.0 = Debug|Any CPU
		{42644316-270E-42CF-8664-51A969D82C63}.Debug|iPhone.Deploy.0 = Debug|Any CPU
		{42644316-270E-42CF-8664-51A969D82C63}.Debug|iPhoneSimulator.ActiveCfg = Debug|Any CPU
		{42644316-270E-42CF-8664-51A969D82C63}.Debug|iPhoneSimulator.Build.0 = Debug|Any CPU
		{42644316-270E-42CF-8664-51A969D82C63}.Debug|iPhoneSimulator.Deploy.0 = Debug|Any CPU
		{42644316-270E-42CF-8664-51A969D82C63}.Debug|x64.ActiveCfg = Debug|Any CPU
		{42644316-270E-42CF-8664-51A969D82C63}.Debug|x64.Build.0 = Debug|Any CPU
		{42644316-270E-42CF-8664-51A969D82C63}.Debug|x64.Deploy.0 = Debug|Any CPU
		{42644316-270E-42CF-8664-51A969D82C63}.Debug|x86.ActiveCfg = Debug|Any CPU
		{42644316-270E-42CF-8664-51A969D82C63}.Debug|x86.Build.0 = Debug|Any CPU
		{42644316-270E-42CF-8664-51A969D82C63}.Debug|x86.Deploy.0 = Debug|Any CPU
		{42644316-270E-42CF-8664-51A969D82C63}.Release|Any CPU.ActiveCfg = Release|Any CPU
		{42644316-270E-42CF-8664-51A969D82C63}.Release|Any CPU.Build.0 = Release|Any CPU
		{42644316-270E-42CF-8664-51A969D82C63}.Release|Any CPU.Deploy.0 = Release|Any CPU
		{42644316-270E-42CF-8664-51A969D82C63}.Release|ARM.ActiveCfg = Release|Any CPU
		{42644316-270E-42CF-8664-51A969D82C63}.Release|ARM.Build.0 = Release|Any CPU
		{42644316-270E-42CF-8664-51A969D82C63}.Release|ARM.Deploy.0 = Release|Any CPU
		{42644316-270E-42CF-8664-51A969D82C63}.Release|iPhone.ActiveCfg = Release|Any CPU
		{42644316-270E-42CF-8664-51A969D82C63}.Release|iPhone.Build.0 = Release|Any CPU
		{42644316-270E-42CF-8664-51A969D82C63}.Release|iPhone.Deploy.0 = Release|Any CPU
		{42644316-270E-42CF-8664-51A969D82C63}.Release|iPhoneSimulator.ActiveCfg = Release|Any CPU
		{42644316-270E-42CF-8664-51A969D82C63}.Release|iPhoneSimulator.Build.0 = Release|Any CPU
		{42644316-270E-42CF-8664-51A969D82C63}.Release|iPhoneSimulator.Deploy.0 = Release|Any CPU
		{42644316-270E-42CF-8664-51A969D82C63}.Release|x64.ActiveCfg = Release|Any CPU
		{42644316-270E-42CF-8664-51A969D82C63}.Release|x64.Build.0 = Release|Any CPU
		{42644316-270E-42CF-8664-51A969D82C63}.Release|x64.Deploy.0 = Release|Any CPU
		{42644316-270E-42CF-8664-51A969D82C63}.Release|x86.ActiveCfg = Release|Any CPU
		{42644316-270E-42CF-8664-51A969D82C63}.Release|x86.Build.0 = Release|Any CPU
		{42644316-270E-42CF-8664-51A969D82C63}.Release|x86.Deploy.0 = Release|Any CPU
	EndGlobalSection
	GlobalSection(SolutionProperties) = preSolution
		HideSolutionNode = FALSE
	EndGlobalSection
	GlobalSection(ExtensibilityGlobals) = postSolution
		SolutionGuid = {3A39CB7D-83DD-4EE3-B1C2-33B691989B68}
	EndGlobalSection
EndGlobal
